
Microsoft Visual Studio Solution File, Format Version 12.00
# Visual Studio Version 16
VisualStudioVersion = 16.0.30011.22
MinimumVisualStudioVersion = 10.0.40219.1
Project("{FAE04EC0-301F-11D3-BF4B-00C04F79EFBC}") = "Tricentis", "Tricentis\Tricentis.csproj", "{020FB697-2478-4A49-8CD5-D7C1C3500EAC}"
EndProject
Project("{FAE04EC0-301F-11D3-BF4B-00C04F79EFBC}") = "Tricentis.Tests", "Tricentis.Tests\Tricentis.Tests.csproj", "{E5547A04-F892-4A30-9595-FAC576135550}"
EndProject
Global
	GlobalSection(SolutionConfigurationPlatforms) = preSolution
		Debug|Any CPU = Debug|Any CPU
		Release|Any CPU = Release|Any CPU
	EndGlobalSection
	GlobalSection(ProjectConfigurationPlatforms) = postSolution
		{020FB697-2478-4A49-8CD5-D7C1C3500EAC}.Debug|Any CPU.ActiveCfg = Debug|Any CPU
		{020FB697-2478-4A49-8CD5-D7C1C3500EAC}.Debug|Any CPU.Build.0 = Debug|Any CPU
		{020FB697-2478-4A49-8CD5-D7C1C3500EAC}.Release|Any CPU.ActiveCfg = Release|Any CPU
		{020FB697-2478-4A49-8CD5-D7C1C3500EAC}.Release|Any CPU.Build.0 = Release|Any CPU
		{E5547A04-F892-4A30-9595-FAC576135550}.Debug|Any CPU.ActiveCfg = Debug|Any CPU
		{E5547A04-F892-4A30-9595-FAC576135550}.Debug|Any CPU.Build.0 = Debug|Any CPU
		{E5547A04-F892-4A30-9595-FAC576135550}.Release|Any CPU.ActiveCfg = Release|Any CPU
		{E5547A04-F892-4A30-9595-FAC576135550}.Release|Any CPU.Build.0 = Release|Any CPU
	EndGlobalSection
	GlobalSection(SolutionProperties) = preSolution
		HideSolutionNode = FALSE
	EndGlobalSection
	GlobalSection(ExtensibilityGlobals) = postSolution
		SolutionGuid = {58B88FA8-5061-4F9C-B3FC-DC452496194F}
	EndGlobalSection
EndGlobal
